
Microsoft Visual Studio Solution File, Format Version 12.00
# Visual Studio 15
VisualStudioVersion = 15.0.28010.2003
MinimumVisualStudioVersion = 10.0.40219.1
Project("{FAE04EC0-301F-11D3-BF4B-00C04F79EFBC}") = "GayMaker-Studio", "GayMaker-Studio\GayMaker-Studio.csproj", "{A574F9F8-D3B2-4EF6-80DE-5D546C43B57D}"
	ProjectSection(ProjectDependencies) = postProject
		{A37DD6C5-F166-496A-AC8A-4F70E42361F9} = {A37DD6C5-F166-496A-AC8A-4F70E42361F9}
	EndProjectSection
EndProject
Project("{8BC9CEB8-8B4A-11D0-8D11-00A0C91BC942}") = "DotsTheBee", "DotsTheBee\DotsTheBee.vcxproj", "{A37DD6C5-F166-496A-AC8A-4F70E42361F9}"
EndProject
Global
	GlobalSection(SolutionConfigurationPlatforms) = preSolution
		Debug|Any CPU = Debug|Any CPU
		Debug|x64 = Debug|x64
		Debug|x86 = Debug|x86
		Release|Any CPU = Release|Any CPU
		Release|x64 = Release|x64
		Release|x86 = Release|x86
	EndGlobalSection
	GlobalSection(ProjectConfigurationPlatforms) = postSolution
		{A574F9F8-D3B2-4EF6-80DE-5D546C43B57D}.Debug|Any CPU.ActiveCfg = Debug|Any CPU
		{A574F9F8-D3B2-4EF6-80DE-5D546C43B57D}.Debug|Any CPU.Build.0 = Debug|Any CPU
		{A574F9F8-D3B2-4EF6-80DE-5D546C43B57D}.Debug|x64.ActiveCfg = Debug|Any CPU
		{A574F9F8-D3B2-4EF6-80DE-5D546C43B57D}.Debug|x64.Build.0 = Debug|Any CPU
		{A574F9F8-D3B2-4EF6-80DE-5D546C43B57D}.Debug|x86.ActiveCfg = Debug|Any CPU
		{A574F9F8-D3B2-4EF6-80DE-5D546C43B57D}.Debug|x86.Build.0 = Debug|Any CPU
		{A574F9F8-D3B2-4EF6-80DE-5D546C43B57D}.Release|Any CPU.ActiveCfg = Release|Any CPU
		{A574F9F8-D3B2-4EF6-80DE-5D546C43B57D}.Release|Any CPU.Build.0 = Release|Any CPU
		{A574F9F8-D3B2-4EF6-80DE-5D546C43B57D}.Release|x64.ActiveCfg = Release|Any CPU
		{A574F9F8-D3B2-4EF6-80DE-5D546C43B57D}.Release|x64.Build.0 = Release|Any CPU
		{A574F9F8-D3B2-4EF6-80DE-5D546C43B57D}.Release|x86.ActiveCfg = Release|Any CPU
		{A574F9F8-D3B2-4EF6-80DE-5D546C43B57D}.Release|x86.Build.0 = Release|Any CPU
		{A37DD6C5-F166-496A-AC8A-4F70E42361F9}.Debug|Any CPU.ActiveCfg = Debug|Win32
		{A37DD6C5-F166-496A-AC8A-4F70E42361F9}.Debug|Any CPU.Build.0 = Debug|Win32
		{A37DD6C5-F166-496A-AC8A-4F70E42361F9}.Debug|x64.ActiveCfg = Debug|x64
		{A37DD6C5-F166-496A-AC8A-4F70E42361F9}.Debug|x64.Build.0 = Debug|x64
		{A37DD6C5-F166-496A-AC8A-4F70E42361F9}.Debug|x86.ActiveCfg = Debug|Win32
		{A37DD6C5-F166-496A-AC8A-4F70E42361F9}.Debug|x86.Build.0 = Debug|Win32
		{A37DD6C5-F166-496A-AC8A-4F70E42361F9}.Release|Any CPU.ActiveCfg = Release|Win32
		{A37DD6C5-F166-496A-AC8A-4F70E42361F9}.Release|Any CPU.Build.0 = Release|Win32
		{A37DD6C5-F166-496A-AC8A-4F70E42361F9}.Release|x64.ActiveCfg = Release|x64
		{A37DD6C5-F166-496A-AC8A-4F70E42361F9}.Release|x64.Build.0 = Release|x64
		{A37DD6C5-F166-496A-AC8A-4F70E42361F9}.Release|x86.ActiveCfg = Release|Win32
		{A37DD6C5-F166-496A-AC8A-4F70E42361F9}.Release|x86.Build.0 = Release|Win32
	EndGlobalSection
	GlobalSection(SolutionProperties) = preSolution
		HideSolutionNode = FALSE
	EndGlobalSection
	GlobalSection(ExtensibilityGlobals) = postSolution
		SolutionGuid = {F5C9BDFB-D36B-4937-80EF-77A22E065856}
	EndGlobalSection
EndGlobal
